
Microsoft Visual Studio Solution File, Format Version 12.00
# Visual Studio Version 16
VisualStudioVersion = 16.0.29613.14
MinimumVisualStudioVersion = 10.0.40219.1
Project("{FAE04EC0-301F-11D3-BF4B-00C04F79EFBC}") = "DemoonDelegates", "DemoonDelegates.csproj", "{B7466910-7522-433B-B764-96498020E6DD}"
EndProject
Global
	GlobalSection(SolutionConfigurationPlatforms) = preSolution
		Debug|Any CPU = Debug|Any CPU
		Release|Any CPU = Release|Any CPU
	EndGlobalSection
	GlobalSection(ProjectConfigurationPlatforms) = postSolution
		{B7466910-7522-433B-B764-96498020E6DD}.Debug|Any CPU.ActiveCfg = Debug|Any CPU
		{B7466910-7522-433B-B764-96498020E6DD}.Debug|Any CPU.Build.0 = Debug|Any CPU
		{B7466910-7522-433B-B764-96498020E6DD}.Release|Any CPU.ActiveCfg = Release|Any CPU
		{B7466910-7522-433B-B764-96498020E6DD}.Release|Any CPU.Build.0 = Release|Any CPU
	EndGlobalSection
	GlobalSection(SolutionProperties) = preSolution
		HideSolutionNode = FALSE
	EndGlobalSection
	GlobalSection(ExtensibilityGlobals) = postSolution
		SolutionGuid = {0A3E6592-E617-4854-B598-D727F5081054}
	EndGlobalSection
EndGlobal
