
Microsoft Visual Studio Solution File, Format Version 12.00
# Visual Studio Version 16
VisualStudioVersion = 16.0.29613.14
MinimumVisualStudioVersion = 10.0.40219.1
Project("{FAE04EC0-301F-11D3-BF4B-00C04F79EFBC}") = "CsharpDemo", "CsharpDemo.csproj", "{5762E258-E6EB-4ACE-9C21-AA38634A4CA6}"
EndProject
Global
	GlobalSection(SolutionConfigurationPlatforms) = preSolution
		Debug|Any CPU = Debug|Any CPU
		Release|Any CPU = Release|Any CPU
	EndGlobalSection
	GlobalSection(ProjectConfigurationPlatforms) = postSolution
		{5762E258-E6EB-4ACE-9C21-AA38634A4CA6}.Debug|Any CPU.ActiveCfg = Debug|Any CPU
		{5762E258-E6EB-4ACE-9C21-AA38634A4CA6}.Debug|Any CPU.Build.0 = Debug|Any CPU
		{5762E258-E6EB-4ACE-9C21-AA38634A4CA6}.Release|Any CPU.ActiveCfg = Release|Any CPU
		{5762E258-E6EB-4ACE-9C21-AA38634A4CA6}.Release|Any CPU.Build.0 = Release|Any CPU
	EndGlobalSection
	GlobalSection(SolutionProperties) = preSolution
		HideSolutionNode = FALSE
	EndGlobalSection
	GlobalSection(ExtensibilityGlobals) = postSolution
		SolutionGuid = {4EBD0781-F3A7-4F86-9990-AFE28437AEBA}
	EndGlobalSection
EndGlobal
