
Microsoft Visual Studio Solution File, Format Version 12.00
# Visual Studio Version 16
VisualStudioVersion = 16.0.29613.14
MinimumVisualStudioVersion = 10.0.40219.1
Project("{FAE04EC0-301F-11D3-BF4B-00C04F79EFBC}") = "IterativeStatements", "IterativeStatements.csproj", "{859F8825-AC51-4C4C-B1ED-AFCE62D837F1}"
EndProject
Global
	GlobalSection(SolutionConfigurationPlatforms) = preSolution
		Debug|Any CPU = Debug|Any CPU
		Release|Any CPU = Release|Any CPU
	EndGlobalSection
	GlobalSection(ProjectConfigurationPlatforms) = postSolution
		{859F8825-AC51-4C4C-B1ED-AFCE62D837F1}.Debug|Any CPU.ActiveCfg = Debug|Any CPU
		{859F8825-AC51-4C4C-B1ED-AFCE62D837F1}.Debug|Any CPU.Build.0 = Debug|Any CPU
		{859F8825-AC51-4C4C-B1ED-AFCE62D837F1}.Release|Any CPU.ActiveCfg = Release|Any CPU
		{859F8825-AC51-4C4C-B1ED-AFCE62D837F1}.Release|Any CPU.Build.0 = Release|Any CPU
	EndGlobalSection
	GlobalSection(SolutionProperties) = preSolution
		HideSolutionNode = FALSE
	EndGlobalSection
	GlobalSection(ExtensibilityGlobals) = postSolution
		SolutionGuid = {0EECC809-CC96-4B41-B1F3-2BA67D572814}
	EndGlobalSection
EndGlobal
