
Microsoft Visual Studio Solution File, Format Version 12.00
# Visual Studio Version 16
VisualStudioVersion = 16.0.29613.14
MinimumVisualStudioVersion = 10.0.40219.1
Project("{FAE04EC0-301F-11D3-BF4B-00C04F79EFBC}") = "StudentDemo", "StudentDemo.csproj", "{B2ABDE32-EE0A-4984-BCA3-A1D234C9E3C5}"
EndProject
Global
	GlobalSection(SolutionConfigurationPlatforms) = preSolution
		Debug|Any CPU = Debug|Any CPU
		Release|Any CPU = Release|Any CPU
	EndGlobalSection
	GlobalSection(ProjectConfigurationPlatforms) = postSolution
		{B2ABDE32-EE0A-4984-BCA3-A1D234C9E3C5}.Debug|Any CPU.ActiveCfg = Debug|Any CPU
		{B2ABDE32-EE0A-4984-BCA3-A1D234C9E3C5}.Debug|Any CPU.Build.0 = Debug|Any CPU
		{B2ABDE32-EE0A-4984-BCA3-A1D234C9E3C5}.Release|Any CPU.ActiveCfg = Release|Any CPU
		{B2ABDE32-EE0A-4984-BCA3-A1D234C9E3C5}.Release|Any CPU.Build.0 = Release|Any CPU
	EndGlobalSection
	GlobalSection(SolutionProperties) = preSolution
		HideSolutionNode = FALSE
	EndGlobalSection
	GlobalSection(ExtensibilityGlobals) = postSolution
		SolutionGuid = {D806C3B6-8590-49FA-BA37-9E769EBFA756}
	EndGlobalSection
EndGlobal
