
Microsoft Visual Studio Solution File, Format Version 12.00
# Visual Studio Version 16
VisualStudioVersion = 16.0.29613.14
MinimumVisualStudioVersion = 10.0.40219.1
Project("{FAE04EC0-301F-11D3-BF4B-00C04F79EFBC}") = "DemoFactory", "DemoFactory.csproj", "{758103E7-5A91-4C4A-BA78-4F4FA037CDE4}"
EndProject
Global
	GlobalSection(SolutionConfigurationPlatforms) = preSolution
		Debug|Any CPU = Debug|Any CPU
		Release|Any CPU = Release|Any CPU
	EndGlobalSection
	GlobalSection(ProjectConfigurationPlatforms) = postSolution
		{758103E7-5A91-4C4A-BA78-4F4FA037CDE4}.Debug|Any CPU.ActiveCfg = Debug|Any CPU
		{758103E7-5A91-4C4A-BA78-4F4FA037CDE4}.Debug|Any CPU.Build.0 = Debug|Any CPU
		{758103E7-5A91-4C4A-BA78-4F4FA037CDE4}.Release|Any CPU.ActiveCfg = Release|Any CPU
		{758103E7-5A91-4C4A-BA78-4F4FA037CDE4}.Release|Any CPU.Build.0 = Release|Any CPU
	EndGlobalSection
	GlobalSection(SolutionProperties) = preSolution
		HideSolutionNode = FALSE
	EndGlobalSection
	GlobalSection(ExtensibilityGlobals) = postSolution
		SolutionGuid = {4F340BF2-5E36-42A0-95C4-C3A9BBCCE264}
	EndGlobalSection
EndGlobal
